// !$*UTF8*$!
{
	archiveVersion = 1;
	classes = {
	};
	objectVersion = 56;
	objects = {

/* Begin PBXBuildFile section */
		FC175B332B80D5FB007993B2 /* Color+.swift in Sources */ = {isa = PBXBuildFile; fileRef = FC175B322B80D5FB007993B2 /* Color+.swift */; };
		FC175B352B80D659007993B2 /* UIColor+.swift in Sources */ = {isa = PBXBuildFile; fileRef = FC175B342B80D659007993B2 /* UIColor+.swift */; };
		FC175B372B80D875007993B2 /* MBTextField.swift in Sources */ = {isa = PBXBuildFile; fileRef = FC175B362B80D875007993B2 /* MBTextField.swift */; };
		FC175B392B80D8BD007993B2 /* MBButton.swift in Sources */ = {isa = PBXBuildFile; fileRef = FC175B382B80D8BD007993B2 /* MBButton.swift */; };
		FC175B3E2B80DE39007993B2 /* SignUpView.swift in Sources */ = {isa = PBXBuildFile; fileRef = FC175B3D2B80DE39007993B2 /* SignUpView.swift */; };
		FC33E18E2B852BD7004E4F7C /* CreateBookView.swift in Sources */ = {isa = PBXBuildFile; fileRef = FC33E18D2B852BD7004E4F7C /* CreateBookView.swift */; };
		FC33E1912B852F6C004E4F7C /* CreateBookViewModel.swift in Sources */ = {isa = PBXBuildFile; fileRef = FC33E1902B852F6C004E4F7C /* CreateBookViewModel.swift */; };
		FC33E1942B854477004E4F7C /* LibraryRepository.swift in Sources */ = {isa = PBXBuildFile; fileRef = FC33E1932B854477004E4F7C /* LibraryRepository.swift */; };
		FC33E1982B85526C004E4F7C /* FirebaseDatabase in Frameworks */ = {isa = PBXBuildFile; productRef = FC33E1972B85526C004E4F7C /* FirebaseDatabase */; };
		FC33E1A72B866CCD004E4F7C /* EmptyListView.swift in Sources */ = {isa = PBXBuildFile; fileRef = FC33E1A62B866CCD004E4F7C /* EmptyListView.swift */; };
		FC33E1A92B866CD6004E4F7C /* BookListView.swift in Sources */ = {isa = PBXBuildFile; fileRef = FC33E1A82B866CD6004E4F7C /* BookListView.swift */; };
		FC4D374E2B80F66C000C2D3E /* View+.swift in Sources */ = {isa = PBXBuildFile; fileRef = FC4D374D2B80F66C000C2D3E /* View+.swift */; };
		FC4D37532B80F9DA000C2D3E /* FirebaseAnalyticsOnDeviceConversion in Frameworks */ = {isa = PBXBuildFile; productRef = FC4D37522B80F9DA000C2D3E /* FirebaseAnalyticsOnDeviceConversion */; };
		FC4D37552B80F9DA000C2D3E /* FirebaseAnalyticsSwift in Frameworks */ = {isa = PBXBuildFile; productRef = FC4D37542B80F9DA000C2D3E /* FirebaseAnalyticsSwift */; };
		FC4D37572B80F9DA000C2D3E /* FirebaseAnalyticsWithoutAdIdSupport in Frameworks */ = {isa = PBXBuildFile; productRef = FC4D37562B80F9DA000C2D3E /* FirebaseAnalyticsWithoutAdIdSupport */; };
		FC4D37592B80F9DA000C2D3E /* FirebaseAppCheck in Frameworks */ = {isa = PBXBuildFile; productRef = FC4D37582B80F9DA000C2D3E /* FirebaseAppCheck */; };
		FC4D375E2B80FCCE000C2D3E /* GoogleService-Info.plist in Resources */ = {isa = PBXBuildFile; fileRef = FC4D375D2B80FCCE000C2D3E /* GoogleService-Info.plist */; };
		FC4D37602B80FD06000C2D3E /* FirebaseAnalytics in Frameworks */ = {isa = PBXBuildFile; productRef = FC4D375F2B80FD06000C2D3E /* FirebaseAnalytics */; };
		FC4D37642B80FD06000C2D3E /* FirebaseAnalyticsSwift in Frameworks */ = {isa = PBXBuildFile; productRef = FC4D37632B80FD06000C2D3E /* FirebaseAnalyticsSwift */; };
		FC4D376C2B80FD06000C2D3E /* FirebaseAuth in Frameworks */ = {isa = PBXBuildFile; productRef = FC4D376B2B80FD06000C2D3E /* FirebaseAuth */; };
		FC4D376E2B80FD06000C2D3E /* FirebaseAuthCombine-Community in Frameworks */ = {isa = PBXBuildFile; productRef = FC4D376D2B80FD06000C2D3E /* FirebaseAuthCombine-Community */; };
		FC4D37702B80FD06000C2D3E /* FirebaseCrashlytics in Frameworks */ = {isa = PBXBuildFile; productRef = FC4D376F2B80FD06000C2D3E /* FirebaseCrashlytics */; };
		FC4D37782B80FD06000C2D3E /* FirebaseFirestore in Frameworks */ = {isa = PBXBuildFile; productRef = FC4D37772B80FD06000C2D3E /* FirebaseFirestore */; };
		FC4D377A2B80FD06000C2D3E /* FirebaseFirestoreCombine-Community in Frameworks */ = {isa = PBXBuildFile; productRef = FC4D37792B80FD06000C2D3E /* FirebaseFirestoreCombine-Community */; };
		FC4D377C2B80FD06000C2D3E /* FirebaseFirestoreSwift in Frameworks */ = {isa = PBXBuildFile; productRef = FC4D377B2B80FD06000C2D3E /* FirebaseFirestoreSwift */; };
		FC4D377E2B80FD06000C2D3E /* FirebaseFunctions in Frameworks */ = {isa = PBXBuildFile; productRef = FC4D377D2B80FD06000C2D3E /* FirebaseFunctions */; };
		FC4D37842B80FD06000C2D3E /* FirebaseInAppMessagingSwift-Beta in Frameworks */ = {isa = PBXBuildFile; productRef = FC4D37832B80FD06000C2D3E /* FirebaseInAppMessagingSwift-Beta */; };
		FC4D37862B80FD06000C2D3E /* FirebaseInstallations in Frameworks */ = {isa = PBXBuildFile; productRef = FC4D37852B80FD06000C2D3E /* FirebaseInstallations */; };
		FC4D378C2B80FD06000C2D3E /* FirebasePerformance in Frameworks */ = {isa = PBXBuildFile; productRef = FC4D378B2B80FD06000C2D3E /* FirebasePerformance */; };
		FC4D378E2B80FD06000C2D3E /* FirebaseRemoteConfig in Frameworks */ = {isa = PBXBuildFile; productRef = FC4D378D2B80FD06000C2D3E /* FirebaseRemoteConfig */; };
		FC4D379D2B81D0EB000C2D3E /* HomeView.swift in Sources */ = {isa = PBXBuildFile; fileRef = FC4D379C2B81D0EB000C2D3E /* HomeView.swift */; };
		FC4D37A12B81D2E6000C2D3E /* LibraryListView.swift in Sources */ = {isa = PBXBuildFile; fileRef = FC4D37A02B81D2E6000C2D3E /* LibraryListView.swift */; };
		FC4D37A52B81D2FC000C2D3E /* LibraryDetailView.swift in Sources */ = {isa = PBXBuildFile; fileRef = FC4D37A42B81D2FC000C2D3E /* LibraryDetailView.swift */; };
		FC4D37A72B81D33F000C2D3E /* SettingsView.swift in Sources */ = {isa = PBXBuildFile; fileRef = FC4D37A62B81D33F000C2D3E /* SettingsView.swift */; };
		FC4D37AA2B81D362000C2D3E /* Book.swift in Sources */ = {isa = PBXBuildFile; fileRef = FC4D37A92B81D362000C2D3E /* Book.swift */; };
		FC4D37AC2B81DAB9000C2D3E /* User.swift in Sources */ = {isa = PBXBuildFile; fileRef = FC4D37AB2B81DAB9000C2D3E /* User.swift */; };
		FC4D37AF2B81E43E000C2D3E /* AuthViewModel.swift in Sources */ = {isa = PBXBuildFile; fileRef = FC4D37AE2B81E43E000C2D3E /* AuthViewModel.swift */; };
		FC4D37B12B81F723000C2D3E /* LibraryListViewModel.swift in Sources */ = {isa = PBXBuildFile; fileRef = FC4D37B02B81F723000C2D3E /* LibraryListViewModel.swift */; };
		FC6150AD2B80C95D0006A700 /* MyBooksApp.swift in Sources */ = {isa = PBXBuildFile; fileRef = FC6150AC2B80C95D0006A700 /* MyBooksApp.swift */; };
		FC6150AF2B80C95D0006A700 /* LoginView.swift in Sources */ = {isa = PBXBuildFile; fileRef = FC6150AE2B80C95D0006A700 /* LoginView.swift */; };
		FC6150B12B80C95E0006A700 /* Assets.xcassets in Resources */ = {isa = PBXBuildFile; fileRef = FC6150B02B80C95E0006A700 /* Assets.xcassets */; };
		FC6150B42B80C95E0006A700 /* Preview Assets.xcassets in Resources */ = {isa = PBXBuildFile; fileRef = FC6150B32B80C95E0006A700 /* Preview Assets.xcassets */; };
/* End PBXBuildFile section */

/* Begin PBXFileReference section */
		FC175B322B80D5FB007993B2 /* Color+.swift */ = {isa = PBXFileReference; lastKnownFileType = sourcecode.swift; path = "Color+.swift"; sourceTree = "<group>"; };
		FC175B342B80D659007993B2 /* UIColor+.swift */ = {isa = PBXFileReference; lastKnownFileType = sourcecode.swift; path = "UIColor+.swift"; sourceTree = "<group>"; };
		FC175B362B80D875007993B2 /* MBTextField.swift */ = {isa = PBXFileReference; lastKnownFileType = sourcecode.swift; path = MBTextField.swift; sourceTree = "<group>"; };
		FC175B382B80D8BD007993B2 /* MBButton.swift */ = {isa = PBXFileReference; lastKnownFileType = sourcecode.swift; path = MBButton.swift; sourceTree = "<group>"; };
		FC175B3D2B80DE39007993B2 /* SignUpView.swift */ = {isa = PBXFileReference; lastKnownFileType = sourcecode.swift; path = SignUpView.swift; sourceTree = "<group>"; };
		FC33E18D2B852BD7004E4F7C /* CreateBookView.swift */ = {isa = PBXFileReference; lastKnownFileType = sourcecode.swift; path = CreateBookView.swift; sourceTree = "<group>"; };
		FC33E1902B852F6C004E4F7C /* CreateBookViewModel.swift */ = {isa = PBXFileReference; lastKnownFileType = sourcecode.swift; path = CreateBookViewModel.swift; sourceTree = "<group>"; };
		FC33E1932B854477004E4F7C /* LibraryRepository.swift */ = {isa = PBXFileReference; lastKnownFileType = sourcecode.swift; path = LibraryRepository.swift; sourceTree = "<group>"; };
		FC33E1A62B866CCD004E4F7C /* EmptyListView.swift */ = {isa = PBXFileReference; lastKnownFileType = sourcecode.swift; path = EmptyListView.swift; sourceTree = "<group>"; };
		FC33E1A82B866CD6004E4F7C /* BookListView.swift */ = {isa = PBXFileReference; lastKnownFileType = sourcecode.swift; path = BookListView.swift; sourceTree = "<group>"; };
		FC4D374D2B80F66C000C2D3E /* View+.swift */ = {isa = PBXFileReference; lastKnownFileType = sourcecode.swift; path = "View+.swift"; sourceTree = "<group>"; };
		FC4D375D2B80FCCE000C2D3E /* GoogleService-Info.plist */ = {isa = PBXFileReference; fileEncoding = 4; lastKnownFileType = text.plist.xml; path = "GoogleService-Info.plist"; sourceTree = "<group>"; };
		FC4D379C2B81D0EB000C2D3E /* HomeView.swift */ = {isa = PBXFileReference; lastKnownFileType = sourcecode.swift; path = HomeView.swift; sourceTree = "<group>"; };
		FC4D37A02B81D2E6000C2D3E /* LibraryListView.swift */ = {isa = PBXFileReference; lastKnownFileType = sourcecode.swift; path = LibraryListView.swift; sourceTree = "<group>"; };
		FC4D37A42B81D2FC000C2D3E /* LibraryDetailView.swift */ = {isa = PBXFileReference; lastKnownFileType = sourcecode.swift; path = LibraryDetailView.swift; sourceTree = "<group>"; };
		FC4D37A62B81D33F000C2D3E /* SettingsView.swift */ = {isa = PBXFileReference; lastKnownFileType = sourcecode.swift; path = SettingsView.swift; sourceTree = "<group>"; };
		FC4D37A92B81D362000C2D3E /* Book.swift */ = {isa = PBXFileReference; lastKnownFileType = sourcecode.swift; path = Book.swift; sourceTree = "<group>"; };
		FC4D37AB2B81DAB9000C2D3E /* User.swift */ = {isa = PBXFileReference; lastKnownFileType = sourcecode.swift; path = User.swift; sourceTree = "<group>"; };
		FC4D37AE2B81E43E000C2D3E /* AuthViewModel.swift */ = {isa = PBXFileReference; lastKnownFileType = sourcecode.swift; path = AuthViewModel.swift; sourceTree = "<group>"; };
		FC4D37B02B81F723000C2D3E /* LibraryListViewModel.swift */ = {isa = PBXFileReference; lastKnownFileType = sourcecode.swift; path = LibraryListViewModel.swift; sourceTree = "<group>"; };
		FC6150A92B80C95D0006A700 /* mybooks.app */ = {isa = PBXFileReference; explicitFileType = wrapper.application; includeInIndex = 0; path = mybooks.app; sourceTree = BUILT_PRODUCTS_DIR; };
		FC6150AC2B80C95D0006A700 /* MyBooksApp.swift */ = {isa = PBXFileReference; lastKnownFileType = sourcecode.swift; path = MyBooksApp.swift; sourceTree = "<group>"; };
		FC6150AE2B80C95D0006A700 /* LoginView.swift */ = {isa = PBXFileReference; lastKnownFileType = sourcecode.swift; path = LoginView.swift; sourceTree = "<group>"; };
		FC6150B02B80C95E0006A700 /* Assets.xcassets */ = {isa = PBXFileReference; lastKnownFileType = folder.assetcatalog; path = Assets.xcassets; sourceTree = "<group>"; };
		FC6150B32B80C95E0006A700 /* Preview Assets.xcassets */ = {isa = PBXFileReference; lastKnownFileType = folder.assetcatalog; path = "Preview Assets.xcassets"; sourceTree = "<group>"; };
/* End PBXFileReference section */

/* Begin PBXFrameworksBuildPhase section */
		FC6150A62B80C95D0006A700 /* Frameworks */ = {
			isa = PBXFrameworksBuildPhase;
			buildActionMask = 2147483647;
			files = (
				FC4D377A2B80FD06000C2D3E /* FirebaseFirestoreCombine-Community in Frameworks */,
				FC4D37552B80F9DA000C2D3E /* FirebaseAnalyticsSwift in Frameworks */,
				FC4D37602B80FD06000C2D3E /* FirebaseAnalytics in Frameworks */,
				FC4D37702B80FD06000C2D3E /* FirebaseCrashlytics in Frameworks */,
				FC4D37782B80FD06000C2D3E /* FirebaseFirestore in Frameworks */,
				FC4D37842B80FD06000C2D3E /* FirebaseInAppMessagingSwift-Beta in Frameworks */,
				FC33E1982B85526C004E4F7C /* FirebaseDatabase in Frameworks */,
				FC4D378C2B80FD06000C2D3E /* FirebasePerformance in Frameworks */,
				FC4D376E2B80FD06000C2D3E /* FirebaseAuthCombine-Community in Frameworks */,
				FC4D37642B80FD06000C2D3E /* FirebaseAnalyticsSwift in Frameworks */,
				FC4D37532B80F9DA000C2D3E /* FirebaseAnalyticsOnDeviceConversion in Frameworks */,
				FC4D378E2B80FD06000C2D3E /* FirebaseRemoteConfig in Frameworks */,
				FC4D37592B80F9DA000C2D3E /* FirebaseAppCheck in Frameworks */,
				FC4D376C2B80FD06000C2D3E /* FirebaseAuth in Frameworks */,
				FC4D377E2B80FD06000C2D3E /* FirebaseFunctions in Frameworks */,
				FC4D37862B80FD06000C2D3E /* FirebaseInstallations in Frameworks */,
				FC4D377C2B80FD06000C2D3E /* FirebaseFirestoreSwift in Frameworks */,
				FC4D37572B80F9DA000C2D3E /* FirebaseAnalyticsWithoutAdIdSupport in Frameworks */,
			);
			runOnlyForDeploymentPostprocessing = 0;
		};
/* End PBXFrameworksBuildPhase section */

/* Begin PBXGroup section */
		FC175B1D2B80D261007993B2 /* Common */ = {
			isa = PBXGroup;
			children = (
				FC175B1F2B80D26A007993B2 /* Extensions */,
				FC175B1E2B80D265007993B2 /* Views */,
				FC33E1952B854621004E4F7C /* Repositories */,
				FC4D37A82B81D35B000C2D3E /* Models */,
				FC33E1A42B860B85004E4F7C /* ViewModels */,
			);
			path = Common;
			sourceTree = "<group>";
		};
		FC175B1E2B80D265007993B2 /* Views */ = {
			isa = PBXGroup;
			children = (
				FC175B362B80D875007993B2 /* MBTextField.swift */,
				FC175B382B80D8BD007993B2 /* MBButton.swift */,
			);
			path = Views;
			sourceTree = "<group>";
		};
		FC175B1F2B80D26A007993B2 /* Extensions */ = {
			isa = PBXGroup;
			children = (
				FC175B322B80D5FB007993B2 /* Color+.swift */,
				FC175B342B80D659007993B2 /* UIColor+.swift */,
				FC4D374D2B80F66C000C2D3E /* View+.swift */,
			);
			path = Extensions;
			sourceTree = "<group>";
		};
		FC175B3C2B80DE2C007993B2 /* Features */ = {
			isa = PBXGroup;
			children = (
				FC6150AE2B80C95D0006A700 /* LoginView.swift */,
				FC175B3D2B80DE39007993B2 /* SignUpView.swift */,
				FC4D379C2B81D0EB000C2D3E /* HomeView.swift */,
				FC4D37A62B81D33F000C2D3E /* SettingsView.swift */,
				FC4D379F2B81D2D2000C2D3E /* Library */,
			);
			path = Features;
			sourceTree = "<group>";
		};
		FC33E18F2B852BDA004E4F7C /* Book */ = {
			isa = PBXGroup;
			children = (
				FC33E1922B852F6F004E4F7C /* CreateBook */,
			);
			path = Book;
			sourceTree = "<group>";
		};
		FC33E1922B852F6F004E4F7C /* CreateBook */ = {
			isa = PBXGroup;
			children = (
				FC33E18D2B852BD7004E4F7C /* CreateBookView.swift */,
				FC33E1902B852F6C004E4F7C /* CreateBookViewModel.swift */,
			);
			path = CreateBook;
			sourceTree = "<group>";
		};
		FC33E1952B854621004E4F7C /* Repositories */ = {
			isa = PBXGroup;
			children = (
				FC33E1932B854477004E4F7C /* LibraryRepository.swift */,
			);
			path = Repositories;
			sourceTree = "<group>";
		};
		FC33E1962B85526C004E4F7C /* Frameworks */ = {
			isa = PBXGroup;
			children = (
			);
			name = Frameworks;
			sourceTree = "<group>";
		};
		FC33E1A42B860B85004E4F7C /* ViewModels */ = {
			isa = PBXGroup;
			children = (
				FC4D37AE2B81E43E000C2D3E /* AuthViewModel.swift */,
			);
			path = ViewModels;
			sourceTree = "<group>";
		};
		FC33E1A52B866CBA004E4F7C /* Views */ = {
			isa = PBXGroup;
			children = (
				FC33E1A62B866CCD004E4F7C /* EmptyListView.swift */,
				FC33E1A82B866CD6004E4F7C /* BookListView.swift */,
			);
			path = Views;
			sourceTree = "<group>";
		};
		FC4D375C2B80FCBF000C2D3E /* Resources */ = {
			isa = PBXGroup;
			children = (
				FC6150B02B80C95E0006A700 /* Assets.xcassets */,
				FC4D375D2B80FCCE000C2D3E /* GoogleService-Info.plist */,
				FC6150B22B80C95E0006A700 /* Preview Content */,
			);
			path = Resources;
			sourceTree = "<group>";
		};
		FC4D379F2B81D2D2000C2D3E /* Library */ = {
			isa = PBXGroup;
			children = (
				FC4D37A22B81D2EA000C2D3E /* List */,
				FC33E18F2B852BDA004E4F7C /* Book */,
				FC4D37A32B81D2EE000C2D3E /* Detail */,
			);
			path = Library;
			sourceTree = "<group>";
		};
		FC4D37A22B81D2EA000C2D3E /* List */ = {
			isa = PBXGroup;
			children = (
				FC4D37A02B81D2E6000C2D3E /* LibraryListView.swift */,
				FC4D37B02B81F723000C2D3E /* LibraryListViewModel.swift */,
				FC33E1A52B866CBA004E4F7C /* Views */,
			);
			path = List;
			sourceTree = "<group>";
		};
		FC4D37A32B81D2EE000C2D3E /* Detail */ = {
			isa = PBXGroup;
			children = (
				FC4D37A42B81D2FC000C2D3E /* LibraryDetailView.swift */,
			);
			path = Detail;
			sourceTree = "<group>";
		};
		FC4D37A82B81D35B000C2D3E /* Models */ = {
			isa = PBXGroup;
			children = (
				FC4D37A92B81D362000C2D3E /* Book.swift */,
				FC4D37AB2B81DAB9000C2D3E /* User.swift */,
			);
			path = Models;
			sourceTree = "<group>";
		};
		FC6150A02B80C95D0006A700 = {
			isa = PBXGroup;
			children = (
				FC6150AB2B80C95D0006A700 /* mybooks */,
				FC6150AA2B80C95D0006A700 /* Products */,
				FC33E1962B85526C004E4F7C /* Frameworks */,
			);
			sourceTree = "<group>";
		};
		FC6150AA2B80C95D0006A700 /* Products */ = {
			isa = PBXGroup;
			children = (
				FC6150A92B80C95D0006A700 /* mybooks.app */,
			);
			name = Products;
			sourceTree = "<group>";
		};
		FC6150AB2B80C95D0006A700 /* mybooks */ = {
			isa = PBXGroup;
			children = (
				FC6150AC2B80C95D0006A700 /* MyBooksApp.swift */,
				FC175B1D2B80D261007993B2 /* Common */,
				FC175B3C2B80DE2C007993B2 /* Features */,
				FC4D375C2B80FCBF000C2D3E /* Resources */,
			);
			path = mybooks;
			sourceTree = "<group>";
		};
		FC6150B22B80C95E0006A700 /* Preview Content */ = {
			isa = PBXGroup;
			children = (
				FC6150B32B80C95E0006A700 /* Preview Assets.xcassets */,
			);
			path = "Preview Content";
			sourceTree = "<group>";
		};
/* End PBXGroup section */

/* Begin PBXNativeTarget section */
		FC6150A82B80C95D0006A700 /* mybooks */ = {
			isa = PBXNativeTarget;
			buildConfigurationList = FC6150B72B80C95E0006A700 /* Build configuration list for PBXNativeTarget "mybooks" */;
			buildPhases = (
				FC6150A52B80C95D0006A700 /* Sources */,
				FC6150A62B80C95D0006A700 /* Frameworks */,
				FC6150A72B80C95D0006A700 /* Resources */,
			);
			buildRules = (
			);
			dependencies = (
			);
			name = mybooks;
			packageProductDependencies = (
				FC4D37522B80F9DA000C2D3E /* FirebaseAnalyticsOnDeviceConversion */,
				FC4D37542B80F9DA000C2D3E /* FirebaseAnalyticsSwift */,
				FC4D37562B80F9DA000C2D3E /* FirebaseAnalyticsWithoutAdIdSupport */,
				FC4D37582B80F9DA000C2D3E /* FirebaseAppCheck */,
				FC4D375F2B80FD06000C2D3E /* FirebaseAnalytics */,
				FC4D37632B80FD06000C2D3E /* FirebaseAnalyticsSwift */,
				FC4D376B2B80FD06000C2D3E /* FirebaseAuth */,
				FC4D376D2B80FD06000C2D3E /* FirebaseAuthCombine-Community */,
				FC4D376F2B80FD06000C2D3E /* FirebaseCrashlytics */,
				FC4D37772B80FD06000C2D3E /* FirebaseFirestore */,
				FC4D37792B80FD06000C2D3E /* FirebaseFirestoreCombine-Community */,
				FC4D377B2B80FD06000C2D3E /* FirebaseFirestoreSwift */,
				FC4D377D2B80FD06000C2D3E /* FirebaseFunctions */,
				FC4D37832B80FD06000C2D3E /* FirebaseInAppMessagingSwift-Beta */,
				FC4D37852B80FD06000C2D3E /* FirebaseInstallations */,
				FC4D378B2B80FD06000C2D3E /* FirebasePerformance */,
				FC4D378D2B80FD06000C2D3E /* FirebaseRemoteConfig */,
				FC33E1972B85526C004E4F7C /* FirebaseDatabase */,
			);
			productName = mybooks;
			productReference = FC6150A92B80C95D0006A700 /* mybooks.app */;
			productType = "com.apple.product-type.application";
		};
/* End PBXNativeTarget section */

/* Begin PBXProject section */
		FC6150A12B80C95D0006A700 /* Project object */ = {
			isa = PBXProject;
			attributes = {
				BuildIndependentTargetsInParallel = 1;
				LastSwiftUpdateCheck = 1520;
				LastUpgradeCheck = 1520;
				TargetAttributes = {
					FC6150A82B80C95D0006A700 = {
						CreatedOnToolsVersion = 15.2;
					};
				};
			};
			buildConfigurationList = FC6150A42B80C95D0006A700 /* Build configuration list for PBXProject "mybooks" */;
			compatibilityVersion = "Xcode 14.0";
			developmentRegion = en;
			hasScannedForEncodings = 0;
			knownRegions = (
				en,
				Base,
			);
			mainGroup = FC6150A02B80C95D0006A700;
			packageReferences = (
				FC4D374F2B80F9DA000C2D3E /* XCRemoteSwiftPackageReference "firebase-ios-sdk" */,
			);
			productRefGroup = FC6150AA2B80C95D0006A700 /* Products */;
			projectDirPath = "";
			projectRoot = "";
			targets = (
				FC6150A82B80C95D0006A700 /* mybooks */,
			);
		};
/* End PBXProject section */

/* Begin PBXResourcesBuildPhase section */
		FC6150A72B80C95D0006A700 /* Resources */ = {
			isa = PBXResourcesBuildPhase;
			buildActionMask = 2147483647;
			files = (
				FC6150B42B80C95E0006A700 /* Preview Assets.xcassets in Resources */,
				FC6150B12B80C95E0006A700 /* Assets.xcassets in Resources */,
				FC4D375E2B80FCCE000C2D3E /* GoogleService-Info.plist in Resources */,
			);
			runOnlyForDeploymentPostprocessing = 0;
		};
/* End PBXResourcesBuildPhase section */

/* Begin PBXSourcesBuildPhase section */
		FC6150A52B80C95D0006A700 /* Sources */ = {
			isa = PBXSourcesBuildPhase;
			buildActionMask = 2147483647;
			files = (
				FC4D37AA2B81D362000C2D3E /* Book.swift in Sources */,
				FC4D37A72B81D33F000C2D3E /* SettingsView.swift in Sources */,
				FC4D37B12B81F723000C2D3E /* LibraryListViewModel.swift in Sources */,
				FC6150AF2B80C95D0006A700 /* LoginView.swift in Sources */,
				FC33E1A72B866CCD004E4F7C /* EmptyListView.swift in Sources */,
				FC4D37A52B81D2FC000C2D3E /* LibraryDetailView.swift in Sources */,
				FC33E1912B852F6C004E4F7C /* CreateBookViewModel.swift in Sources */,
				FC4D37A12B81D2E6000C2D3E /* LibraryListView.swift in Sources */,
				FC175B352B80D659007993B2 /* UIColor+.swift in Sources */,
				FC6150AD2B80C95D0006A700 /* MyBooksApp.swift in Sources */,
				FC4D37AF2B81E43E000C2D3E /* AuthViewModel.swift in Sources */,
				FC4D37AC2B81DAB9000C2D3E /* User.swift in Sources */,
				FC175B3E2B80DE39007993B2 /* SignUpView.swift in Sources */,
				FC4D374E2B80F66C000C2D3E /* View+.swift in Sources */,
				FC175B332B80D5FB007993B2 /* Color+.swift in Sources */,
				FC175B392B80D8BD007993B2 /* MBButton.swift in Sources */,
				FC4D379D2B81D0EB000C2D3E /* HomeView.swift in Sources */,
				FC175B372B80D875007993B2 /* MBTextField.swift in Sources */,
				FC33E1942B854477004E4F7C /* LibraryRepository.swift in Sources */,
				FC33E1A92B866CD6004E4F7C /* BookListView.swift in Sources */,
				FC33E18E2B852BD7004E4F7C /* CreateBookView.swift in Sources */,
			);
			runOnlyForDeploymentPostprocessing = 0;
		};
/* End PBXSourcesBuildPhase section */

/* Begin XCBuildConfiguration section */
		FC6150B52B80C95E0006A700 /* Debug */ = {
			isa = XCBuildConfiguration;
			buildSettings = {
				ALWAYS_SEARCH_USER_PATHS = NO;
				ASSETCATALOG_COMPILER_GENERATE_SWIFT_ASSET_SYMBOL_EXTENSIONS = YES;
				CLANG_ANALYZER_NONNULL = YES;
				CLANG_ANALYZER_NUMBER_OBJECT_CONVERSION = YES_AGGRESSIVE;
				CLANG_CXX_LANGUAGE_STANDARD = "gnu++20";
				CLANG_ENABLE_MODULES = YES;
				CLANG_ENABLE_OBJC_ARC = YES;
				CLANG_ENABLE_OBJC_WEAK = YES;
				CLANG_WARN_BLOCK_CAPTURE_AUTORELEASING = YES;
				CLANG_WARN_BOOL_CONVERSION = YES;
				CLANG_WARN_COMMA = YES;
				CLANG_WARN_CONSTANT_CONVERSION = YES;
				CLANG_WARN_DEPRECATED_OBJC_IMPLEMENTATIONS = YES;
				CLANG_WARN_DIRECT_OBJC_ISA_USAGE = YES_ERROR;
				CLANG_WARN_DOCUMENTATION_COMMENTS = YES;
				CLANG_WARN_EMPTY_BODY = YES;
				CLANG_WARN_ENUM_CONVERSION = YES;
				CLANG_WARN_INFINITE_RECURSION = YES;
				CLANG_WARN_INT_CONVERSION = YES;
				CLANG_WARN_NON_LITERAL_NULL_CONVERSION = YES;
				CLANG_WARN_OBJC_IMPLICIT_RETAIN_SELF = YES;
				CLANG_WARN_OBJC_LITERAL_CONVERSION = YES;
				CLANG_WARN_OBJC_ROOT_CLASS = YES_ERROR;
				CLANG_WARN_QUOTED_INCLUDE_IN_FRAMEWORK_HEADER = YES;
				CLANG_WARN_RANGE_LOOP_ANALYSIS = YES;
				CLANG_WARN_STRICT_PROTOTYPES = YES;
				CLANG_WARN_SUSPICIOUS_MOVE = YES;
				CLANG_WARN_UNGUARDED_AVAILABILITY = YES_AGGRESSIVE;
				CLANG_WARN_UNREACHABLE_CODE = YES;
				CLANG_WARN__DUPLICATE_METHOD_MATCH = YES;
				COPY_PHASE_STRIP = NO;
				DEBUG_INFORMATION_FORMAT = dwarf;
				ENABLE_STRICT_OBJC_MSGSEND = YES;
				ENABLE_TESTABILITY = YES;
				ENABLE_USER_SCRIPT_SANDBOXING = YES;
				GCC_C_LANGUAGE_STANDARD = gnu17;
				GCC_DYNAMIC_NO_PIC = NO;
				GCC_NO_COMMON_BLOCKS = YES;
				GCC_OPTIMIZATION_LEVEL = 0;
				GCC_PREPROCESSOR_DEFINITIONS = (
					"DEBUG=1",
					"$(inherited)",
				);
				GCC_WARN_64_TO_32_BIT_CONVERSION = YES;
				GCC_WARN_ABOUT_RETURN_TYPE = YES_ERROR;
				GCC_WARN_UNDECLARED_SELECTOR = YES;
				GCC_WARN_UNINITIALIZED_AUTOS = YES_AGGRESSIVE;
				GCC_WARN_UNUSED_FUNCTION = YES;
				GCC_WARN_UNUSED_VARIABLE = YES;
				IPHONEOS_DEPLOYMENT_TARGET = 17.2;
				LOCALIZATION_PREFERS_STRING_CATALOGS = YES;
				MTL_ENABLE_DEBUG_INFO = INCLUDE_SOURCE;
				MTL_FAST_MATH = YES;
				ONLY_ACTIVE_ARCH = YES;
				SDKROOT = iphoneos;
				SWIFT_ACTIVE_COMPILATION_CONDITIONS = "DEBUG $(inherited)";
				SWIFT_OPTIMIZATION_LEVEL = "-Onone";
			};
			name = Debug;
		};
		FC6150B62B80C95E0006A700 /* Release */ = {
			isa = XCBuildConfiguration;
			buildSettings = {
				ALWAYS_SEARCH_USER_PATHS = NO;
				ASSETCATALOG_COMPILER_GENERATE_SWIFT_ASSET_SYMBOL_EXTENSIONS = YES;
				CLANG_ANALYZER_NONNULL = YES;
				CLANG_ANALYZER_NUMBER_OBJECT_CONVERSION = YES_AGGRESSIVE;
				CLANG_CXX_LANGUAGE_STANDARD = "gnu++20";
				CLANG_ENABLE_MODULES = YES;
				CLANG_ENABLE_OBJC_ARC = YES;
				CLANG_ENABLE_OBJC_WEAK = YES;
				CLANG_WARN_BLOCK_CAPTURE_AUTORELEASING = YES;
				CLANG_WARN_BOOL_CONVERSION = YES;
				CLANG_WARN_COMMA = YES;
				CLANG_WARN_CONSTANT_CONVERSION = YES;
				CLANG_WARN_DEPRECATED_OBJC_IMPLEMENTATIONS = YES;
				CLANG_WARN_DIRECT_OBJC_ISA_USAGE = YES_ERROR;
				CLANG_WARN_DOCUMENTATION_COMMENTS = YES;
				CLANG_WARN_EMPTY_BODY = YES;
				CLANG_WARN_ENUM_CONVERSION = YES;
				CLANG_WARN_INFINITE_RECURSION = YES;
				CLANG_WARN_INT_CONVERSION = YES;
				CLANG_WARN_NON_LITERAL_NULL_CONVERSION = YES;
				CLANG_WARN_OBJC_IMPLICIT_RETAIN_SELF = YES;
				CLANG_WARN_OBJC_LITERAL_CONVERSION = YES;
				CLANG_WARN_OBJC_ROOT_CLASS = YES_ERROR;
				CLANG_WARN_QUOTED_INCLUDE_IN_FRAMEWORK_HEADER = YES;
				CLANG_WARN_RANGE_LOOP_ANALYSIS = YES;
				CLANG_WARN_STRICT_PROTOTYPES = YES;
				CLANG_WARN_SUSPICIOUS_MOVE = YES;
				CLANG_WARN_UNGUARDED_AVAILABILITY = YES_AGGRESSIVE;
				CLANG_WARN_UNREACHABLE_CODE = YES;
				CLANG_WARN__DUPLICATE_METHOD_MATCH = YES;
				COPY_PHASE_STRIP = NO;
				DEBUG_INFORMATION_FORMAT = "dwarf-with-dsym";
				ENABLE_NS_ASSERTIONS = NO;
				ENABLE_STRICT_OBJC_MSGSEND = YES;
				ENABLE_USER_SCRIPT_SANDBOXING = YES;
				GCC_C_LANGUAGE_STANDARD = gnu17;
				GCC_NO_COMMON_BLOCKS = YES;
				GCC_WARN_64_TO_32_BIT_CONVERSION = YES;
				GCC_WARN_ABOUT_RETURN_TYPE = YES_ERROR;
				GCC_WARN_UNDECLARED_SELECTOR = YES;
				GCC_WARN_UNINITIALIZED_AUTOS = YES_AGGRESSIVE;
				GCC_WARN_UNUSED_FUNCTION = YES;
				GCC_WARN_UNUSED_VARIABLE = YES;
				IPHONEOS_DEPLOYMENT_TARGET = 17.2;
				LOCALIZATION_PREFERS_STRING_CATALOGS = YES;
				MTL_ENABLE_DEBUG_INFO = NO;
				MTL_FAST_MATH = YES;
				SDKROOT = iphoneos;
				SWIFT_COMPILATION_MODE = wholemodule;
				VALIDATE_PRODUCT = YES;
			};
			name = Release;
		};
		FC6150B82B80C95E0006A700 /* Debug */ = {
			isa = XCBuildConfiguration;
			buildSettings = {
				ASSETCATALOG_COMPILER_APPICON_NAME = AppIcon;
				ASSETCATALOG_COMPILER_GLOBAL_ACCENT_COLOR_NAME = AccentColor;
				CODE_SIGN_STYLE = Automatic;
				CURRENT_PROJECT_VERSION = 1;
				DEVELOPMENT_ASSET_PATHS = "\"mybooks/Resources/Preview Content\"";
				DEVELOPMENT_TEAM = 4CQPKLYWJD;
				ENABLE_PREVIEWS = YES;
				GENERATE_INFOPLIST_FILE = YES;
				INFOPLIST_KEY_CFBundleDisplayName = "My Books";
				INFOPLIST_KEY_LSApplicationCategoryType = "public.app-category.education";
				INFOPLIST_KEY_UIApplicationSceneManifest_Generation = YES;
				INFOPLIST_KEY_UIApplicationSupportsIndirectInputEvents = YES;
				INFOPLIST_KEY_UILaunchScreen_Generation = YES;
				INFOPLIST_KEY_UISupportedInterfaceOrientations = UIInterfaceOrientationPortrait;
				INFOPLIST_KEY_UISupportedInterfaceOrientations_iPad = "UIInterfaceOrientationLandscapeLeft UIInterfaceOrientationLandscapeRight UIInterfaceOrientationPortrait UIInterfaceOrientationPortraitUpsideDown";
				LD_RUNPATH_SEARCH_PATHS = (
					"$(inherited)",
					"@executable_path/Frameworks",
				);
				MARKETING_VERSION = 1.0;
				OTHER_LDFLAGS = "-ObjC";
				PRODUCT_BUNDLE_IDENTIFIER = com.maximedelporte.mybooks;
				PRODUCT_NAME = "$(TARGET_NAME)";
				SUPPORTED_PLATFORMS = "iphoneos iphonesimulator";
				SUPPORTS_MACCATALYST = NO;
				SUPPORTS_MAC_DESIGNED_FOR_IPHONE_IPAD = NO;
				SUPPORTS_XR_DESIGNED_FOR_IPHONE_IPAD = NO;
				SWIFT_EMIT_LOC_STRINGS = YES;
				SWIFT_VERSION = 5.0;
				TARGETED_DEVICE_FAMILY = 1;
			};
			name = Debug;
		};
		FC6150B92B80C95E0006A700 /* Release */ = {
			isa = XCBuildConfiguration;
			buildSettings = {
				ASSETCATALOG_COMPILER_APPICON_NAME = AppIcon;
				ASSETCATALOG_COMPILER_GLOBAL_ACCENT_COLOR_NAME = AccentColor;
				CODE_SIGN_STYLE = Automatic;
				CURRENT_PROJECT_VERSION = 1;
				DEVELOPMENT_ASSET_PATHS = "\"mybooks/Resources/Preview Content\"";
				DEVELOPMENT_TEAM = 4CQPKLYWJD;
				ENABLE_PREVIEWS = YES;
				GENERATE_INFOPLIST_FILE = YES;
				INFOPLIST_KEY_CFBundleDisplayName = "My Books";
				INFOPLIST_KEY_LSApplicationCategoryType = "public.app-category.education";
				INFOPLIST_KEY_UIApplicationSceneManifest_Generation = YES;
				INFOPLIST_KEY_UIApplicationSupportsIndirectInputEvents = YES;
				INFOPLIST_KEY_UILaunchScreen_Generation = YES;
				INFOPLIST_KEY_UISupportedInterfaceOrientations = UIInterfaceOrientationPortrait;
				INFOPLIST_KEY_UISupportedInterfaceOrientations_iPad = "UIInterfaceOrientationLandscapeLeft UIInterfaceOrientationLandscapeRight UIInterfaceOrientationPortrait UIInterfaceOrientationPortraitUpsideDown";
				LD_RUNPATH_SEARCH_PATHS = (
					"$(inherited)",
					"@executable_path/Frameworks",
				);
				MARKETING_VERSION = 1.0;
				OTHER_LDFLAGS = "-ObjC";
				PRODUCT_BUNDLE_IDENTIFIER = com.maximedelporte.mybooks;
				PRODUCT_NAME = "$(TARGET_NAME)";
				SUPPORTED_PLATFORMS = "iphoneos iphonesimulator";
				SUPPORTS_MACCATALYST = NO;
				SUPPORTS_MAC_DESIGNED_FOR_IPHONE_IPAD = NO;
				SUPPORTS_XR_DESIGNED_FOR_IPHONE_IPAD = NO;
				SWIFT_EMIT_LOC_STRINGS = YES;
				SWIFT_VERSION = 5.0;
				TARGETED_DEVICE_FAMILY = 1;
			};
			name = Release;
		};
/* End XCBuildConfiguration section */

/* Begin XCConfigurationList section */
		FC6150A42B80C95D0006A700 /* Build configuration list for PBXProject "mybooks" */ = {
			isa = XCConfigurationList;
			buildConfigurations = (
				FC6150B52B80C95E0006A700 /* Debug */,
				FC6150B62B80C95E0006A700 /* Release */,
			);
			defaultConfigurationIsVisible = 0;
			defaultConfigurationName = Release;
		};
		FC6150B72B80C95E0006A700 /* Build configuration list for PBXNativeTarget "mybooks" */ = {
			isa = XCConfigurationList;
			buildConfigurations = (
				FC6150B82B80C95E0006A700 /* Debug */,
				FC6150B92B80C95E0006A700 /* Release */,
			);
			defaultConfigurationIsVisible = 0;
			defaultConfigurationName = Release;
		};
/* End XCConfigurationList section */

/* Begin XCRemoteSwiftPackageReference section */
		FC4D374F2B80F9DA000C2D3E /* XCRemoteSwiftPackageReference "firebase-ios-sdk" */ = {
			isa = XCRemoteSwiftPackageReference;
			repositoryURL = "https://github.com/firebase/firebase-ios-sdk.git";
			requirement = {
				kind = upToNextMajorVersion;
				minimumVersion = 10.21.0;
			};
		};
/* End XCRemoteSwiftPackageReference section */

/* Begin XCSwiftPackageProductDependency section */
		FC33E1972B85526C004E4F7C /* FirebaseDatabase */ = {
			isa = XCSwiftPackageProductDependency;
			package = FC4D374F2B80F9DA000C2D3E /* XCRemoteSwiftPackageReference "firebase-ios-sdk" */;
			productName = FirebaseDatabase;
		};
		FC4D37522B80F9DA000C2D3E /* FirebaseAnalyticsOnDeviceConversion */ = {
			isa = XCSwiftPackageProductDependency;
			package = FC4D374F2B80F9DA000C2D3E /* XCRemoteSwiftPackageReference "firebase-ios-sdk" */;
			productName = FirebaseAnalyticsOnDeviceConversion;
		};
		FC4D37542B80F9DA000C2D3E /* FirebaseAnalyticsSwift */ = {
			isa = XCSwiftPackageProductDependency;
			package = FC4D374F2B80F9DA000C2D3E /* XCRemoteSwiftPackageReference "firebase-ios-sdk" */;
			productName = FirebaseAnalyticsSwift;
		};
		FC4D37562B80F9DA000C2D3E /* FirebaseAnalyticsWithoutAdIdSupport */ = {
			isa = XCSwiftPackageProductDependency;
			package = FC4D374F2B80F9DA000C2D3E /* XCRemoteSwiftPackageReference "firebase-ios-sdk" */;
			productName = FirebaseAnalyticsWithoutAdIdSupport;
		};
		FC4D37582B80F9DA000C2D3E /* FirebaseAppCheck */ = {
			isa = XCSwiftPackageProductDependency;
			package = FC4D374F2B80F9DA000C2D3E /* XCRemoteSwiftPackageReference "firebase-ios-sdk" */;
			productName = FirebaseAppCheck;
		};
		FC4D375F2B80FD06000C2D3E /* FirebaseAnalytics */ = {
			isa = XCSwiftPackageProductDependency;
			package = FC4D374F2B80F9DA000C2D3E /* XCRemoteSwiftPackageReference "firebase-ios-sdk" */;
			productName = FirebaseAnalytics;
		};
		FC4D37632B80FD06000C2D3E /* FirebaseAnalyticsSwift */ = {
			isa = XCSwiftPackageProductDependency;
			package = FC4D374F2B80F9DA000C2D3E /* XCRemoteSwiftPackageReference "firebase-ios-sdk" */;
			productName = FirebaseAnalyticsSwift;
		};
		FC4D376B2B80FD06000C2D3E /* FirebaseAuth */ = {
			isa = XCSwiftPackageProductDependency;
			package = FC4D374F2B80F9DA000C2D3E /* XCRemoteSwiftPackageReference "firebase-ios-sdk" */;
			productName = FirebaseAuth;
		};
		FC4D376D2B80FD06000C2D3E /* FirebaseAuthCombine-Community */ = {
			isa = XCSwiftPackageProductDependency;
			package = FC4D374F2B80F9DA000C2D3E /* XCRemoteSwiftPackageReference "firebase-ios-sdk" */;
			productName = "FirebaseAuthCombine-Community";
		};
		FC4D376F2B80FD06000C2D3E /* FirebaseCrashlytics */ = {
			isa = XCSwiftPackageProductDependency;
			package = FC4D374F2B80F9DA000C2D3E /* XCRemoteSwiftPackageReference "firebase-ios-sdk" */;
			productName = FirebaseCrashlytics;
		};
		FC4D37772B80FD06000C2D3E /* FirebaseFirestore */ = {
			isa = XCSwiftPackageProductDependency;
			package = FC4D374F2B80F9DA000C2D3E /* XCRemoteSwiftPackageReference "firebase-ios-sdk" */;
			productName = FirebaseFirestore;
		};
		FC4D37792B80FD06000C2D3E /* FirebaseFirestoreCombine-Community */ = {
			isa = XCSwiftPackageProductDependency;
			package = FC4D374F2B80F9DA000C2D3E /* XCRemoteSwiftPackageReference "firebase-ios-sdk" */;
			productName = "FirebaseFirestoreCombine-Community";
		};
		FC4D377B2B80FD06000C2D3E /* FirebaseFirestoreSwift */ = {
			isa = XCSwiftPackageProductDependency;
			package = FC4D374F2B80F9DA000C2D3E /* XCRemoteSwiftPackageReference "firebase-ios-sdk" */;
			productName = FirebaseFirestoreSwift;
		};
		FC4D377D2B80FD06000C2D3E /* FirebaseFunctions */ = {
			isa = XCSwiftPackageProductDependency;
			package = FC4D374F2B80F9DA000C2D3E /* XCRemoteSwiftPackageReference "firebase-ios-sdk" */;
			productName = FirebaseFunctions;
		};
		FC4D37832B80FD06000C2D3E /* FirebaseInAppMessagingSwift-Beta */ = {
			isa = XCSwiftPackageProductDependency;
			package = FC4D374F2B80F9DA000C2D3E /* XCRemoteSwiftPackageReference "firebase-ios-sdk" */;
			productName = "FirebaseInAppMessagingSwift-Beta";
		};
		FC4D37852B80FD06000C2D3E /* FirebaseInstallations */ = {
			isa = XCSwiftPackageProductDependency;
			package = FC4D374F2B80F9DA000C2D3E /* XCRemoteSwiftPackageReference "firebase-ios-sdk" */;
			productName = FirebaseInstallations;
		};
		FC4D378B2B80FD06000C2D3E /* FirebasePerformance */ = {
			isa = XCSwiftPackageProductDependency;
			package = FC4D374F2B80F9DA000C2D3E /* XCRemoteSwiftPackageReference "firebase-ios-sdk" */;
			productName = FirebasePerformance;
		};
		FC4D378D2B80FD06000C2D3E /* FirebaseRemoteConfig */ = {
			isa = XCSwiftPackageProductDependency;
			package = FC4D374F2B80F9DA000C2D3E /* XCRemoteSwiftPackageReference "firebase-ios-sdk" */;
			productName = FirebaseRemoteConfig;
		};
/* End XCSwiftPackageProductDependency section */
	};
	rootObject = FC6150A12B80C95D0006A700 /* Project object */;
}
