// !$*UTF8*$!
{
	archiveVersion = 1;
	classes = {
	};
	objectVersion = 56;
	objects = {

/* Begin PBXBuildFile section */
		FC175B332B80D5FB007993B2 /* Color+.swift in Sources */ = {isa = PBXBuildFile; fileRef = FC175B322B80D5FB007993B2 /* Color+.swift */; };
		FC175B352B80D659007993B2 /* UIColor+.swift in Sources */ = {isa = PBXBuildFile; fileRef = FC175B342B80D659007993B2 /* UIColor+.swift */; };
		FC175B372B80D875007993B2 /* MBTextField.swift in Sources */ = {isa = PBXBuildFile; fileRef = FC175B362B80D875007993B2 /* MBTextField.swift */; };
		FC175B392B80D8BD007993B2 /* MBButton.swift in Sources */ = {isa = PBXBuildFile; fileRef = FC175B382B80D8BD007993B2 /* MBButton.swift */; };
		FC6150AD2B80C95D0006A700 /* mybooksApp.swift in Sources */ = {isa = PBXBuildFile; fileRef = FC6150AC2B80C95D0006A700 /* mybooksApp.swift */; };
		FC6150AF2B80C95D0006A700 /* LoginView.swift in Sources */ = {isa = PBXBuildFile; fileRef = FC6150AE2B80C95D0006A700 /* LoginView.swift */; };
		FC6150B12B80C95E0006A700 /* Assets.xcassets in Resources */ = {isa = PBXBuildFile; fileRef = FC6150B02B80C95E0006A700 /* Assets.xcassets */; };
		FC6150B42B80C95E0006A700 /* Preview Assets.xcassets in Resources */ = {isa = PBXBuildFile; fileRef = FC6150B32B80C95E0006A700 /* Preview Assets.xcassets */; };
/* End PBXBuildFile section */

/* Begin PBXFileReference section */
		FC175B322B80D5FB007993B2 /* Color+.swift */ = {isa = PBXFileReference; lastKnownFileType = sourcecode.swift; path = "Color+.swift"; sourceTree = "<group>"; };
		FC175B342B80D659007993B2 /* UIColor+.swift */ = {isa = PBXFileReference; lastKnownFileType = sourcecode.swift; path = "UIColor+.swift"; sourceTree = "<group>"; };
		FC175B362B80D875007993B2 /* MBTextField.swift */ = {isa = PBXFileReference; lastKnownFileType = sourcecode.swift; path = MBTextField.swift; sourceTree = "<group>"; };
		FC175B382B80D8BD007993B2 /* MBButton.swift */ = {isa = PBXFileReference; lastKnownFileType = sourcecode.swift; path = MBButton.swift; sourceTree = "<group>"; };
		FC6150A92B80C95D0006A700 /* mybooks.app */ = {isa = PBXFileReference; explicitFileType = wrapper.application; includeInIndex = 0; path = mybooks.app; sourceTree = BUILT_PRODUCTS_DIR; };
		FC6150AC2B80C95D0006A700 /* mybooksApp.swift */ = {isa = PBXFileReference; lastKnownFileType = sourcecode.swift; path = mybooksApp.swift; sourceTree = "<group>"; };
		FC6150AE2B80C95D0006A700 /* LoginView.swift */ = {isa = PBXFileReference; lastKnownFileType = sourcecode.swift; path = LoginView.swift; sourceTree = "<group>"; };
		FC6150B02B80C95E0006A700 /* Assets.xcassets */ = {isa = PBXFileReference; lastKnownFileType = folder.assetcatalog; path = Assets.xcassets; sourceTree = "<group>"; };
		FC6150B32B80C95E0006A700 /* Preview Assets.xcassets */ = {isa = PBXFileReference; lastKnownFileType = folder.assetcatalog; path = "Preview Assets.xcassets"; sourceTree = "<group>"; };
/* End PBXFileReference section */

/* Begin PBXFrameworksBuildPhase section */
		FC6150A62B80C95D0006A700 /* Frameworks */ = {
			isa = PBXFrameworksBuildPhase;
			buildActionMask = 2147483647;
			files = (
			);
			runOnlyForDeploymentPostprocessing = 0;
		};
/* End PBXFrameworksBuildPhase section */

/* Begin PBXGroup section */
		FC175B1D2B80D261007993B2 /* Common */ = {
			isa = PBXGroup;
			children = (
				FC175B1F2B80D26A007993B2 /* Extensions */,
				FC175B1E2B80D265007993B2 /* Views */,
			);
			path = Common;
			sourceTree = "<group>";
		};
		FC175B1E2B80D265007993B2 /* Views */ = {
			isa = PBXGroup;
			children = (
				FC175B362B80D875007993B2 /* MBTextField.swift */,
				FC175B382B80D8BD007993B2 /* MBButton.swift */,
			);
			path = Views;
			sourceTree = "<group>";
		};
		FC175B1F2B80D26A007993B2 /* Extensions */ = {
			isa = PBXGroup;
			children = (
				FC175B322B80D5FB007993B2 /* Color+.swift */,
				FC175B342B80D659007993B2 /* UIColor+.swift */,
			);
			path = Extensions;
			sourceTree = "<group>";
		};
		FC6150A02B80C95D0006A700 = {
			isa = PBXGroup;
			children = (
				FC6150AB2B80C95D0006A700 /* mybooks */,
				FC6150AA2B80C95D0006A700 /* Products */,
			);
			sourceTree = "<group>";
		};
		FC6150AA2B80C95D0006A700 /* Products */ = {
			isa = PBXGroup;
			children = (
				FC6150A92B80C95D0006A700 /* mybooks.app */,
			);
			name = Products;
			sourceTree = "<group>";
		};
		FC6150AB2B80C95D0006A700 /* mybooks */ = {
			isa = PBXGroup;
			children = (
				FC175B1D2B80D261007993B2 /* Common */,
				FC6150AC2B80C95D0006A700 /* mybooksApp.swift */,
				FC6150AE2B80C95D0006A700 /* LoginView.swift */,
				FC6150B02B80C95E0006A700 /* Assets.xcassets */,
				FC6150B22B80C95E0006A700 /* Preview Content */,
			);
			path = mybooks;
			sourceTree = "<group>";
		};
		FC6150B22B80C95E0006A700 /* Preview Content */ = {
			isa = PBXGroup;
			children = (
				FC6150B32B80C95E0006A700 /* Preview Assets.xcassets */,
			);
			path = "Preview Content";
			sourceTree = "<group>";
		};
/* End PBXGroup section */

/* Begin PBXNativeTarget section */
		FC6150A82B80C95D0006A700 /* mybooks */ = {
			isa = PBXNativeTarget;
			buildConfigurationList = FC6150B72B80C95E0006A700 /* Build configuration list for PBXNativeTarget "mybooks" */;
			buildPhases = (
				FC6150A52B80C95D0006A700 /* Sources */,
				FC6150A62B80C95D0006A700 /* Frameworks */,
				FC6150A72B80C95D0006A700 /* Resources */,
			);
			buildRules = (
			);
			dependencies = (
			);
			name = mybooks;
			productName = mybooks;
			productReference = FC6150A92B80C95D0006A700 /* mybooks.app */;
			productType = "com.apple.product-type.application";
		};
/* End PBXNativeTarget section */

/* Begin PBXProject section */
		FC6150A12B80C95D0006A700 /* Project object */ = {
			isa = PBXProject;
			attributes = {
				BuildIndependentTargetsInParallel = 1;
				LastSwiftUpdateCheck = 1520;
				LastUpgradeCheck = 1520;
				TargetAttributes = {
					FC6150A82B80C95D0006A700 = {
						CreatedOnToolsVersion = 15.2;
					};
				};
			};
			buildConfigurationList = FC6150A42B80C95D0006A700 /* Build configuration list for PBXProject "mybooks" */;
			compatibilityVersion = "Xcode 14.0";
			developmentRegion = en;
			hasScannedForEncodings = 0;
			knownRegions = (
				en,
				Base,
			);
			mainGroup = FC6150A02B80C95D0006A700;
			productRefGroup = FC6150AA2B80C95D0006A700 /* Products */;
			projectDirPath = "";
			projectRoot = "";
			targets = (
				FC6150A82B80C95D0006A700 /* mybooks */,
			);
		};
/* End PBXProject section */

/* Begin PBXResourcesBuildPhase section */
		FC6150A72B80C95D0006A700 /* Resources */ = {
			isa = PBXResourcesBuildPhase;
			buildActionMask = 2147483647;
			files = (
				FC6150B42B80C95E0006A700 /* Preview Assets.xcassets in Resources */,
				FC6150B12B80C95E0006A700 /* Assets.xcassets in Resources */,
			);
			runOnlyForDeploymentPostprocessing = 0;
		};
/* End PBXResourcesBuildPhase section */

/* Begin PBXSourcesBuildPhase section */
		FC6150A52B80C95D0006A700 /* Sources */ = {
			isa = PBXSourcesBuildPhase;
			buildActionMask = 2147483647;
			files = (
				FC6150AF2B80C95D0006A700 /* LoginView.swift in Sources */,
				FC175B352B80D659007993B2 /* UIColor+.swift in Sources */,
				FC6150AD2B80C95D0006A700 /* mybooksApp.swift in Sources */,
				FC175B332B80D5FB007993B2 /* Color+.swift in Sources */,
				FC175B392B80D8BD007993B2 /* MBButton.swift in Sources */,
				FC175B372B80D875007993B2 /* MBTextField.swift in Sources */,
			);
			runOnlyForDeploymentPostprocessing = 0;
		};
/* End PBXSourcesBuildPhase section */

/* Begin XCBuildConfiguration section */
		FC6150B52B80C95E0006A700 /* Debug */ = {
			isa = XCBuildConfiguration;
			buildSettings = {
				ALWAYS_SEARCH_USER_PATHS = NO;
				ASSETCATALOG_COMPILER_GENERATE_SWIFT_ASSET_SYMBOL_EXTENSIONS = YES;
				CLANG_ANALYZER_NONNULL = YES;
				CLANG_ANALYZER_NUMBER_OBJECT_CONVERSION = YES_AGGRESSIVE;
				CLANG_CXX_LANGUAGE_STANDARD = "gnu++20";
				CLANG_ENABLE_MODULES = YES;
				CLANG_ENABLE_OBJC_ARC = YES;
				CLANG_ENABLE_OBJC_WEAK = YES;
				CLANG_WARN_BLOCK_CAPTURE_AUTORELEASING = YES;
				CLANG_WARN_BOOL_CONVERSION = YES;
				CLANG_WARN_COMMA = YES;
				CLANG_WARN_CONSTANT_CONVERSION = YES;
				CLANG_WARN_DEPRECATED_OBJC_IMPLEMENTATIONS = YES;
				CLANG_WARN_DIRECT_OBJC_ISA_USAGE = YES_ERROR;
				CLANG_WARN_DOCUMENTATION_COMMENTS = YES;
				CLANG_WARN_EMPTY_BODY = YES;
				CLANG_WARN_ENUM_CONVERSION = YES;
				CLANG_WARN_INFINITE_RECURSION = YES;
				CLANG_WARN_INT_CONVERSION = YES;
				CLANG_WARN_NON_LITERAL_NULL_CONVERSION = YES;
				CLANG_WARN_OBJC_IMPLICIT_RETAIN_SELF = YES;
				CLANG_WARN_OBJC_LITERAL_CONVERSION = YES;
				CLANG_WARN_OBJC_ROOT_CLASS = YES_ERROR;
				CLANG_WARN_QUOTED_INCLUDE_IN_FRAMEWORK_HEADER = YES;
				CLANG_WARN_RANGE_LOOP_ANALYSIS = YES;
				CLANG_WARN_STRICT_PROTOTYPES = YES;
				CLANG_WARN_SUSPICIOUS_MOVE = YES;
				CLANG_WARN_UNGUARDED_AVAILABILITY = YES_AGGRESSIVE;
				CLANG_WARN_UNREACHABLE_CODE = YES;
				CLANG_WARN__DUPLICATE_METHOD_MATCH = YES;
				COPY_PHASE_STRIP = NO;
				DEBUG_INFORMATION_FORMAT = dwarf;
				ENABLE_STRICT_OBJC_MSGSEND = YES;
				ENABLE_TESTABILITY = YES;
				ENABLE_USER_SCRIPT_SANDBOXING = YES;
				GCC_C_LANGUAGE_STANDARD = gnu17;
				GCC_DYNAMIC_NO_PIC = NO;
				GCC_NO_COMMON_BLOCKS = YES;
				GCC_OPTIMIZATION_LEVEL = 0;
				GCC_PREPROCESSOR_DEFINITIONS = (
					"DEBUG=1",
					"$(inherited)",
				);
				GCC_WARN_64_TO_32_BIT_CONVERSION = YES;
				GCC_WARN_ABOUT_RETURN_TYPE = YES_ERROR;
				GCC_WARN_UNDECLARED_SELECTOR = YES;
				GCC_WARN_UNINITIALIZED_AUTOS = YES_AGGRESSIVE;
				GCC_WARN_UNUSED_FUNCTION = YES;
				GCC_WARN_UNUSED_VARIABLE = YES;
				IPHONEOS_DEPLOYMENT_TARGET = 17.2;
				LOCALIZATION_PREFERS_STRING_CATALOGS = YES;
				MTL_ENABLE_DEBUG_INFO = INCLUDE_SOURCE;
				MTL_FAST_MATH = YES;
				ONLY_ACTIVE_ARCH = YES;
				SDKROOT = iphoneos;
				SWIFT_ACTIVE_COMPILATION_CONDITIONS = "DEBUG $(inherited)";
				SWIFT_OPTIMIZATION_LEVEL = "-Onone";
			};
			name = Debug;
		};
		FC6150B62B80C95E0006A700 /* Release */ = {
			isa = XCBuildConfiguration;
			buildSettings = {
				ALWAYS_SEARCH_USER_PATHS = NO;
				ASSETCATALOG_COMPILER_GENERATE_SWIFT_ASSET_SYMBOL_EXTENSIONS = YES;
				CLANG_ANALYZER_NONNULL = YES;
				CLANG_ANALYZER_NUMBER_OBJECT_CONVERSION = YES_AGGRESSIVE;
				CLANG_CXX_LANGUAGE_STANDARD = "gnu++20";
				CLANG_ENABLE_MODULES = YES;
				CLANG_ENABLE_OBJC_ARC = YES;
				CLANG_ENABLE_OBJC_WEAK = YES;
				CLANG_WARN_BLOCK_CAPTURE_AUTORELEASING = YES;
				CLANG_WARN_BOOL_CONVERSION = YES;
				CLANG_WARN_COMMA = YES;
				CLANG_WARN_CONSTANT_CONVERSION = YES;
				CLANG_WARN_DEPRECATED_OBJC_IMPLEMENTATIONS = YES;
				CLANG_WARN_DIRECT_OBJC_ISA_USAGE = YES_ERROR;
				CLANG_WARN_DOCUMENTATION_COMMENTS = YES;
				CLANG_WARN_EMPTY_BODY = YES;
				CLANG_WARN_ENUM_CONVERSION = YES;
				CLANG_WARN_INFINITE_RECURSION = YES;
				CLANG_WARN_INT_CONVERSION = YES;
				CLANG_WARN_NON_LITERAL_NULL_CONVERSION = YES;
				CLANG_WARN_OBJC_IMPLICIT_RETAIN_SELF = YES;
				CLANG_WARN_OBJC_LITERAL_CONVERSION = YES;
				CLANG_WARN_OBJC_ROOT_CLASS = YES_ERROR;
				CLANG_WARN_QUOTED_INCLUDE_IN_FRAMEWORK_HEADER = YES;
				CLANG_WARN_RANGE_LOOP_ANALYSIS = YES;
				CLANG_WARN_STRICT_PROTOTYPES = YES;
				CLANG_WARN_SUSPICIOUS_MOVE = YES;
				CLANG_WARN_UNGUARDED_AVAILABILITY = YES_AGGRESSIVE;
				CLANG_WARN_UNREACHABLE_CODE = YES;
				CLANG_WARN__DUPLICATE_METHOD_MATCH = YES;
				COPY_PHASE_STRIP = NO;
				DEBUG_INFORMATION_FORMAT = "dwarf-with-dsym";
				ENABLE_NS_ASSERTIONS = NO;
				ENABLE_STRICT_OBJC_MSGSEND = YES;
				ENABLE_USER_SCRIPT_SANDBOXING = YES;
				GCC_C_LANGUAGE_STANDARD = gnu17;
				GCC_NO_COMMON_BLOCKS = YES;
				GCC_WARN_64_TO_32_BIT_CONVERSION = YES;
				GCC_WARN_ABOUT_RETURN_TYPE = YES_ERROR;
				GCC_WARN_UNDECLARED_SELECTOR = YES;
				GCC_WARN_UNINITIALIZED_AUTOS = YES_AGGRESSIVE;
				GCC_WARN_UNUSED_FUNCTION = YES;
				GCC_WARN_UNUSED_VARIABLE = YES;
				IPHONEOS_DEPLOYMENT_TARGET = 17.2;
				LOCALIZATION_PREFERS_STRING_CATALOGS = YES;
				MTL_ENABLE_DEBUG_INFO = NO;
				MTL_FAST_MATH = YES;
				SDKROOT = iphoneos;
				SWIFT_COMPILATION_MODE = wholemodule;
				VALIDATE_PRODUCT = YES;
			};
			name = Release;
		};
		FC6150B82B80C95E0006A700 /* Debug */ = {
			isa = XCBuildConfiguration;
			buildSettings = {
				ASSETCATALOG_COMPILER_APPICON_NAME = AppIcon;
				ASSETCATALOG_COMPILER_GLOBAL_ACCENT_COLOR_NAME = AccentColor;
				CODE_SIGN_STYLE = Automatic;
				CURRENT_PROJECT_VERSION = 1;
				DEVELOPMENT_ASSET_PATHS = "\"mybooks/Preview Content\"";
				DEVELOPMENT_TEAM = 4CQPKLYWJD;
				ENABLE_PREVIEWS = YES;
				GENERATE_INFOPLIST_FILE = YES;
				INFOPLIST_KEY_UIApplicationSceneManifest_Generation = YES;
				INFOPLIST_KEY_UIApplicationSupportsIndirectInputEvents = YES;
				INFOPLIST_KEY_UILaunchScreen_Generation = YES;
				INFOPLIST_KEY_UISupportedInterfaceOrientations_iPad = "UIInterfaceOrientationPortrait UIInterfaceOrientationPortraitUpsideDown UIInterfaceOrientationLandscapeLeft UIInterfaceOrientationLandscapeRight";
				INFOPLIST_KEY_UISupportedInterfaceOrientations_iPhone = "UIInterfaceOrientationPortrait UIInterfaceOrientationLandscapeLeft UIInterfaceOrientationLandscapeRight";
				LD_RUNPATH_SEARCH_PATHS = (
					"$(inherited)",
					"@executable_path/Frameworks",
				);
				MARKETING_VERSION = 1.0;
				PRODUCT_BUNDLE_IDENTIFIER = com.maximedelporte.mybooks;
				PRODUCT_NAME = "$(TARGET_NAME)";
				SWIFT_EMIT_LOC_STRINGS = YES;
				SWIFT_VERSION = 5.0;
				TARGETED_DEVICE_FAMILY = "1,2";
			};
			name = Debug;
		};
		FC6150B92B80C95E0006A700 /* Release */ = {
			isa = XCBuildConfiguration;
			buildSettings = {
				ASSETCATALOG_COMPILER_APPICON_NAME = AppIcon;
				ASSETCATALOG_COMPILER_GLOBAL_ACCENT_COLOR_NAME = AccentColor;
				CODE_SIGN_STYLE = Automatic;
				CURRENT_PROJECT_VERSION = 1;
				DEVELOPMENT_ASSET_PATHS = "\"mybooks/Preview Content\"";
				DEVELOPMENT_TEAM = 4CQPKLYWJD;
				ENABLE_PREVIEWS = YES;
				GENERATE_INFOPLIST_FILE = YES;
				INFOPLIST_KEY_UIApplicationSceneManifest_Generation = YES;
				INFOPLIST_KEY_UIApplicationSupportsIndirectInputEvents = YES;
				INFOPLIST_KEY_UILaunchScreen_Generation = YES;
				INFOPLIST_KEY_UISupportedInterfaceOrientations_iPad = "UIInterfaceOrientationPortrait UIInterfaceOrientationPortraitUpsideDown UIInterfaceOrientationLandscapeLeft UIInterfaceOrientationLandscapeRight";
				INFOPLIST_KEY_UISupportedInterfaceOrientations_iPhone = "UIInterfaceOrientationPortrait UIInterfaceOrientationLandscapeLeft UIInterfaceOrientationLandscapeRight";
				LD_RUNPATH_SEARCH_PATHS = (
					"$(inherited)",
					"@executable_path/Frameworks",
				);
				MARKETING_VERSION = 1.0;
				PRODUCT_BUNDLE_IDENTIFIER = com.maximedelporte.mybooks;
				PRODUCT_NAME = "$(TARGET_NAME)";
				SWIFT_EMIT_LOC_STRINGS = YES;
				SWIFT_VERSION = 5.0;
				TARGETED_DEVICE_FAMILY = "1,2";
			};
			name = Release;
		};
/* End XCBuildConfiguration section */

/* Begin XCConfigurationList section */
		FC6150A42B80C95D0006A700 /* Build configuration list for PBXProject "mybooks" */ = {
			isa = XCConfigurationList;
			buildConfigurations = (
				FC6150B52B80C95E0006A700 /* Debug */,
				FC6150B62B80C95E0006A700 /* Release */,
			);
			defaultConfigurationIsVisible = 0;
			defaultConfigurationName = Release;
		};
		FC6150B72B80C95E0006A700 /* Build configuration list for PBXNativeTarget "mybooks" */ = {
			isa = XCConfigurationList;
			buildConfigurations = (
				FC6150B82B80C95E0006A700 /* Debug */,
				FC6150B92B80C95E0006A700 /* Release */,
			);
			defaultConfigurationIsVisible = 0;
			defaultConfigurationName = Release;
		};
/* End XCConfigurationList section */
	};
	rootObject = FC6150A12B80C95D0006A700 /* Project object */;
}
